
Microsoft Visual Studio Solution File, Format Version 12.00
# Visual Studio Version 16
VisualStudioVersion = 16.0.30114.105
MinimumVisualStudioVersion = 10.0.40219.1
Project("{FAE04EC0-301F-11D3-BF4B-00C04F79EFBC}") = "EBuild", "src\EBuild\EBuild.csproj", "{3AD6A129-0773-4DAE-8B4E-95FAF615D4AB}"
EndProject
Project("{FAE04EC0-301F-11D3-BF4B-00C04F79EFBC}") = "EBuild.Test", "src\EBuild.Test\EBuild.Test.csproj", "{0016EE03-A7BA-4E74-A1E9-4045FB4BD7BC}"
EndProject
Global
	GlobalSection(SolutionConfigurationPlatforms) = preSolution
		Debug|Any CPU = Debug|Any CPU
		Release|Any CPU = Release|Any CPU
	EndGlobalSection
	GlobalSection(SolutionProperties) = preSolution
		HideSolutionNode = FALSE
	EndGlobalSection
	GlobalSection(ProjectConfigurationPlatforms) = postSolution
		{3AD6A129-0773-4DAE-8B4E-95FAF615D4AB}.Debug|Any CPU.ActiveCfg = Debug|Any CPU
		{3AD6A129-0773-4DAE-8B4E-95FAF615D4AB}.Debug|Any CPU.Build.0 = Debug|Any CPU
		{3AD6A129-0773-4DAE-8B4E-95FAF615D4AB}.Release|Any CPU.ActiveCfg = Release|Any CPU
		{3AD6A129-0773-4DAE-8B4E-95FAF615D4AB}.Release|Any CPU.Build.0 = Release|Any CPU
		{0016EE03-A7BA-4E74-A1E9-4045FB4BD7BC}.Debug|Any CPU.ActiveCfg = Debug|Any CPU
		{0016EE03-A7BA-4E74-A1E9-4045FB4BD7BC}.Debug|Any CPU.Build.0 = Debug|Any CPU
		{0016EE03-A7BA-4E74-A1E9-4045FB4BD7BC}.Release|Any CPU.ActiveCfg = Release|Any CPU
		{0016EE03-A7BA-4E74-A1E9-4045FB4BD7BC}.Release|Any CPU.Build.0 = Release|Any CPU
	EndGlobalSection
EndGlobal
